
Microsoft Visual Studio Solution File, Format Version 12.00
# Visual Studio 15
VisualStudioVersion = 15.0.28010.2003
MinimumVisualStudioVersion = 10.0.40219.1
Project("{8BC9CEB8-8B4A-11D0-8D11-00A0C91BC942}") = "Source and Header Files", "Source and Header Files\Source and Header Files.vcxproj", "{E2A20FE5-A03A-46AA-B9F4-85A7BAA4D1DF}"
EndProject
Global
	GlobalSection(SolutionConfigurationPlatforms) = preSolution
		Debug|x64 = Debug|x64
		Debug|x86 = Debug|x86
		Release|x64 = Release|x64
		Release|x86 = Release|x86
	EndGlobalSection
	GlobalSection(ProjectConfigurationPlatforms) = postSolution
		{E2A20FE5-A03A-46AA-B9F4-85A7BAA4D1DF}.Debug|x64.ActiveCfg = Debug|x64
		{E2A20FE5-A03A-46AA-B9F4-85A7BAA4D1DF}.Debug|x64.Build.0 = Debug|x64
		{E2A20FE5-A03A-46AA-B9F4-85A7BAA4D1DF}.Debug|x86.ActiveCfg = Debug|Win32
		{E2A20FE5-A03A-46AA-B9F4-85A7BAA4D1DF}.Debug|x86.Build.0 = Debug|Win32
		{E2A20FE5-A03A-46AA-B9F4-85A7BAA4D1DF}.Release|x64.ActiveCfg = Release|x64
		{E2A20FE5-A03A-46AA-B9F4-85A7BAA4D1DF}.Release|x64.Build.0 = Release|x64
		{E2A20FE5-A03A-46AA-B9F4-85A7BAA4D1DF}.Release|x86.ActiveCfg = Release|Win32
		{E2A20FE5-A03A-46AA-B9F4-85A7BAA4D1DF}.Release|x86.Build.0 = Release|Win32
	EndGlobalSection
	GlobalSection(SolutionProperties) = preSolution
		HideSolutionNode = FALSE
	EndGlobalSection
	GlobalSection(ExtensibilityGlobals) = postSolution
		SolutionGuid = {C7EE1889-3AFF-46A5-BA09-D7B7AFE86AF2}
	EndGlobalSection
EndGlobal
